# THIS IS AN AUTOGENERATED FILE. DO NOT EDIT THIS FILE DIRECTLY.
# yarn lockfile v1


asap@~2.0.3:
  version "2.0.6"
  resolved "https://registry.yarnpkg.com/asap/-/asap-2.0.6.tgz#e50347611d7e690943208bbdafebcbc2fb866d46"

babel-runtime@^6.23.0, babel-runtime@^6.26.0:
  version "6.26.0"
  resolved "https://registry.yarnpkg.com/babel-runtime/-/babel-runtime-6.26.0.tgz#965c7058668e82b55d7bfe04ff2337bc8b5647fe"
  dependencies:
    core-js "^2.4.0"
    regenerator-runtime "^0.11.0"

chain-function@^1.0.0:
  version "1.0.0"
  resolved "https://registry.yarnpkg.com/chain-function/-/chain-function-1.0.0.tgz#0d4ab37e7e18ead0bdc47b920764118ce58733dc"

classnames@^2.2.5:
  version "2.2.5"
  resolved "https://registry.yarnpkg.com/classnames/-/classnames-2.2.5.tgz#fb3801d453467649ef3603c7d61a02bd129bde6d"

core-js@^1.0.0:
  version "1.2.7"
  resolved "https://registry.yarnpkg.com/core-js/-/core-js-1.2.7.tgz#652294c14651db28fa93bd2d5ff2983a4f08c636"

core-js@^2.4.0:
  version "2.5.3"
  resolved "https://registry.yarnpkg.com/core-js/-/core-js-2.5.3.tgz#8acc38345824f16d8365b7c9b4259168e8ed603e"

dom-helpers@^3.2.0, dom-helpers@^3.2.1:
  version "3.3.1"
  resolved "https://registry.yarnpkg.com/dom-helpers/-/dom-helpers-3.3.1.tgz#fc1a4e15ffdf60ddde03a480a9c0fece821dd4a6"

encoding@^0.1.11:
  version "0.1.12"
  resolved "https://registry.yarnpkg.com/encoding/-/encoding-0.1.12.tgz#538b66f3ee62cd1ab51ec323829d1f9480c74beb"
  dependencies:
    iconv-lite "~0.4.13"

fbjs@^0.8.16, fbjs@^0.8.4:
  version "0.8.16"
  resolved "https://registry.yarnpkg.com/fbjs/-/fbjs-0.8.16.tgz#5e67432f550dc41b572bf55847b8aca64e5337db"
  dependencies:
    core-js "^1.0.0"
    isomorphic-fetch "^2.1.1"
    loose-envify "^1.0.0"
    object-assign "^4.1.0"
    promise "^7.1.1"
    setimmediate "^1.0.5"
    ua-parser-js "^0.7.9"

iconv-lite@~0.4.13:
  version "0.4.19"
  resolved "https://registry.yarnpkg.com/iconv-lite/-/iconv-lite-0.4.19.tgz#f7468f60135f5e5dad3399c0a81be9a1603a082b"

is-stream@^1.0.1:
  version "1.1.0"
  resolved "https://registry.yarnpkg.com/is-stream/-/is-stream-1.1.0.tgz#12d4a3dd4e68e0b79ceb8dbc84173ae80d91ca44"

isomorphic-fetch@^2.1.1:
  version "2.2.1"
  resolved "https://registry.yarnpkg.com/isomorphic-fetch/-/isomorphic-fetch-2.2.1.tgz#611ae1acf14f5e81f729507472819fe9733558a9"
  dependencies:
    node-fetch "^1.0.1"
    whatwg-fetch ">=0.10.0"

js-tokens@^3.0.0:
  version "3.0.2"
  resolved "https://registry.yarnpkg.com/js-tokens/-/js-tokens-3.0.2.tgz#9866df395102130e38f7f996bceb65443209c25b"

keycode@^2.1.7:
  version "2.1.9"
  resolved "https://registry.yarnpkg.com/keycode/-/keycode-2.1.9.tgz#964a23c54e4889405b4861a5c9f0480d45141dfa"

lodash@^4.17.5:
  version "4.17.5"
  resolved "https://registry.yarnpkg.com/lodash/-/lodash-4.17.5.tgz#99a92d65c0272debe8c96b6057bc8fbfa3bed511"

loose-envify@^1.0.0, loose-envify@^1.3.1:
  version "1.3.1"
  resolved "https://registry.yarnpkg.com/loose-envify/-/loose-envify-1.3.1.tgz#d1a8ad33fa9ce0e713d65fdd0ac8b748d478c848"
  dependencies:
    js-tokens "^3.0.0"

material-design-icons@^3.0.1:
  version "3.0.1"
  resolved "https://registry.yarnpkg.com/material-design-icons/-/material-design-icons-3.0.1.tgz#9a71c48747218ebca51e51a66da682038cdcb7bf"

moment@^2.21.0:
  version "2.21.0"
  resolved "https://registry.yarnpkg.com/moment/-/moment-2.21.0.tgz#2a114b51d2a6ec9e6d83cf803f838a878d8a023a"

node-fetch@^1.0.1:
  version "1.7.3"
  resolved "https://registry.yarnpkg.com/node-fetch/-/node-fetch-1.7.3.tgz#980f6f72d85211a5347c6b2bc18c5b84c3eb47ef"
  dependencies:
    encoding "^0.1.11"
    is-stream "^1.0.1"

object-assign@^4.1.0, object-assign@^4.1.1:
  version "4.1.1"
  resolved "https://registry.yarnpkg.com/object-assign/-/object-assign-4.1.1.tgz#2109adc7965887cfc05cbbd442cac8bfbb360863"

performance-now@^0.2.0:
  version "0.2.0"
  resolved "https://registry.yarnpkg.com/performance-now/-/performance-now-0.2.0.tgz#33ef30c5c77d4ea21c5a53869d91b56d8f2555e5"

performance-now@^2.1.0:
  version "2.1.0"
  resolved "https://registry.yarnpkg.com/performance-now/-/performance-now-2.1.0.tgz#6309f4e0e5fa913ec1c69307ae364b4b377c9e7b"

promise@^7.1.1:
  version "7.3.1"
  resolved "https://registry.yarnpkg.com/promise/-/promise-7.3.1.tgz#064b72602b18f90f29192b8b1bc418ffd1ebd3bf"
  dependencies:
    asap "~2.0.3"

prop-types@15.6.0:
  version "15.6.0"
  resolved "https://registry.yarnpkg.com/prop-types/-/prop-types-15.6.0.tgz#ceaf083022fc46b4a35f69e13ef75aed0d639856"
  dependencies:
    fbjs "^0.8.16"
    loose-envify "^1.3.1"
    object-assign "^4.1.1"

prop-types@^15.5.4, prop-types@^15.5.6, prop-types@^15.5.8, prop-types@^15.6.0:
  version "15.6.1"
  resolved "https://registry.yarnpkg.com/prop-types/-/prop-types-15.6.1.tgz#36644453564255ddda391191fb3a125cbdf654ca"
  dependencies:
    fbjs "^0.8.16"
    loose-envify "^1.3.1"
    object-assign "^4.1.1"

raf@^3.1.0:
  version "3.4.0"
  resolved "https://registry.yarnpkg.com/raf/-/raf-3.4.0.tgz#a28876881b4bc2ca9117d4138163ddb80f781575"
  dependencies:
    performance-now "^2.1.0"

react-event-listener@^0.5.1:
  version "0.5.3"
  resolved "https://registry.yarnpkg.com/react-event-listener/-/react-event-listener-0.5.3.tgz#a8b492596ad601865314fcc2c18cb87b6ce3876e"
  dependencies:
    babel-runtime "^6.26.0"
    fbjs "^0.8.16"
    prop-types "^15.6.0"
    warning "^3.0.0"

react-md@^1.2.11:
  version "1.2.11"
  resolved "https://registry.yarnpkg.com/react-md/-/react-md-1.2.11.tgz#b2296e36bb8095ace00cf8b35fd0c5b1d4837799"
  dependencies:
    classnames "^2.2.5"
    prop-types "15.6.0"
    react-motion "^0.5.0"
    react-prop-types "^0.4.0"
    react-swipeable-views "^0.12.8"
    react-transition-group "^1.2.1"
    resize-observer-polyfill "^1.4.2"

react-motion@^0.5.0:
  version "0.5.2"
  resolved "https://registry.yarnpkg.com/react-motion/-/react-motion-0.5.2.tgz#0dd3a69e411316567927917c6626551ba0607316"
  dependencies:
    performance-now "^0.2.0"
    prop-types "^15.5.8"
    raf "^3.1.0"

react-prop-types@^0.4.0:
  version "0.4.0"
  resolved "https://registry.yarnpkg.com/react-prop-types/-/react-prop-types-0.4.0.tgz#f99b0bfb4006929c9af2051e7c1414a5c75b93d0"
  dependencies:
    warning "^3.0.0"

react-swipeable-views-core@^0.12.11:
  version "0.12.11"
  resolved "https://registry.yarnpkg.com/react-swipeable-views-core/-/react-swipeable-views-core-0.12.11.tgz#3cf2b4daffbb36f9d69bd19bf5b2d5370b6b2c1b"
  dependencies:
    babel-runtime "^6.23.0"
    warning "^3.0.0"

react-swipeable-views-utils@^0.12.13:
  version "0.12.13"
  resolved "https://registry.yarnpkg.com/react-swipeable-views-utils/-/react-swipeable-views-utils-0.12.13.tgz#fe102524180bf568f746e844c8d74b9cd3e7e0b8"
  dependencies:
    babel-runtime "^6.23.0"
    fbjs "^0.8.4"
    keycode "^2.1.7"
    prop-types "^15.6.0"
    react-event-listener "^0.5.1"
    react-swipeable-views-core "^0.12.11"

react-swipeable-views@^0.12.8:
  version "0.12.13"
  resolved "https://registry.yarnpkg.com/react-swipeable-views/-/react-swipeable-views-0.12.13.tgz#247442dbe14922efe5ad6fe0297599c817600bf9"
  dependencies:
    babel-runtime "^6.23.0"
    dom-helpers "^3.2.1"
    prop-types "^15.5.4"
    react-swipeable-views-core "^0.12.11"
    react-swipeable-views-utils "^0.12.13"
    warning "^3.0.0"

react-transition-group@^1.2.1:
  version "1.2.1"
  resolved "https://registry.yarnpkg.com/react-transition-group/-/react-transition-group-1.2.1.tgz#e11f72b257f921b213229a774df46612346c7ca6"
  dependencies:
    chain-function "^1.0.0"
    dom-helpers "^3.2.0"
    loose-envify "^1.3.1"
    prop-types "^15.5.6"
    warning "^3.0.0"

regenerator-runtime@^0.11.0:
  version "0.11.1"
  resolved "https://registry.yarnpkg.com/regenerator-runtime/-/regenerator-runtime-0.11.1.tgz#be05ad7f9bf7d22e056f9726cee5017fbf19e2e9"

resize-observer-polyfill@^1.4.2:
  version "1.5.0"
  resolved "https://registry.yarnpkg.com/resize-observer-polyfill/-/resize-observer-polyfill-1.5.0.tgz#660ff1d9712a2382baa2cad450a4716209f9ca69"

setimmediate@^1.0.5:
  version "1.0.5"
  resolved "https://registry.yarnpkg.com/setimmediate/-/setimmediate-1.0.5.tgz#290cbb232e306942d7d7ea9b83732ab7856f8285"

ua-parser-js@^0.7.9:
  version "0.7.17"
  resolved "https://registry.yarnpkg.com/ua-parser-js/-/ua-parser-js-0.7.17.tgz#e9ec5f9498b9ec910e7ae3ac626a805c4d09ecac"

warning@^3.0.0:
  version "3.0.0"
  resolved "https://registry.yarnpkg.com/warning/-/warning-3.0.0.tgz#32e5377cb572de4ab04753bdf8821c01ed605b7c"
  dependencies:
    loose-envify "^1.0.0"

whatwg-fetch@>=0.10.0:
  version "2.0.3"
  resolved "https://registry.yarnpkg.com/whatwg-fetch/-/whatwg-fetch-2.0.3.tgz#9c84ec2dcf68187ff00bc64e1274b442176e1c84"
